<?xml version="1.0" encoding="utf-8"?>
<Project ToolsVersion="4.0" xmlns="http://schemas.microsoft.com/developer/msbuild/2003">
  <ItemGroup>
    <Filter Include="Fichiers sources">
      <UniqueIdentifier>{4FC737F1-C7A5-4376-A066-2A32D752A2FF}</UniqueIdentifier>
      <Extensions>cpp;c;cc;cxx;c++;cppm;ixx;def;odl;idl;hpj;bat;asm;asmx</Extensions>
    </Filter>
    <Filter Include="Fichiers d%27en-tête">
      <UniqueIdentifier>{93995380-89BD-4b04-88EB-625FBE52EBFB}</UniqueIdentifier>
      <Extensions>h;hh;hpp;hxx;h++;hm;inl;inc;ipp;xsd</Extensions>
    </Filter>
    <Filter Include="Fichiers de ressources">
      <UniqueIdentifier>{67DA6AB6-F800-4c08-8B7A-83BB121AAD01}</UniqueIdentifier>
      <Extensions>rc;ico;cur;bmp;dlg;rc2;rct;bin;rgs;gif;jpg;jpeg;jpe;resx;tiff;tif;png;wav;mfcribbon-ms</Extensions>
    </Filter>
  </ItemGroup>
  <ItemGroup>
    <ClCompile Include="Source.cpp">
      <Filter>Fichiers sources</Filter>
    </ClCompile>
    <ClCompile Include="package_lbp\olbp\OLBP.cpp">
      <Filter>Fichiers sources</Filter>
    </ClCompile>
    <ClCompile Include="package_lbp\bglbp\BGLBP.cpp">
      <Filter>Fichiers sources</Filter>
    </ClCompile>
    <ClCompile Include="package_lbp\cslbp\CSLBP.cpp">
      <Filter>Fichiers sources</Filter>
    </ClCompile>
    <ClCompile Include="package_lbp\csldp\CSLDP.cpp">
      <Filter>Fichiers sources</Filter>
    </ClCompile>
    <ClCompile Include="package_lbp\cssiltp\CSSILTP.cpp">
      <Filter>Fichiers sources</Filter>
    </ClCompile>
    <ClCompile Include="package_lbp\elbp\ELBP.cpp">
      <Filter>Fichiers sources</Filter>
    </ClCompile>
    <ClCompile Include="package_lbp\oclbp\OCLBP.cpp">
      <Filter>Fichiers sources</Filter>
    </ClCompile>
    <ClCompile Include="package_lbp\scslbp\SCSLBP.cpp">
      <Filter>Fichiers sources</Filter>
    </ClCompile>
    <ClCompile Include="package_lbp\siltp\SILTP.cpp">
      <Filter>Fichiers sources</Filter>
    </ClCompile>
    <ClCompile Include="package_lbp\varlbp\VARLBP.cpp">
      <Filter>Fichiers sources</Filter>
    </ClCompile>
    <ClCompile Include="package_lbp\xcslbp\XCSLBP.cpp">
      <Filter>Fichiers sources</Filter>
    </ClCompile>
  </ItemGroup>
  <ItemGroup>
    <ClInclude Include="package_lbp\olbp\OLBP.h">
      <Filter>Fichiers d%27en-tête</Filter>
    </ClInclude>
    <ClInclude Include="package_lbp\LBP.h">
      <Filter>Fichiers d%27en-tête</Filter>
    </ClInclude>
    <ClInclude Include="package_lbp\bglbp\BGLBP.h">
      <Filter>Fichiers d%27en-tête</Filter>
    </ClInclude>
    <ClInclude Include="package_lbp\cslbp\CSLBP.h">
      <Filter>Fichiers d%27en-tête</Filter>
    </ClInclude>
    <ClInclude Include="package_lbp\csldp\CSLDP.h">
      <Filter>Fichiers d%27en-tête</Filter>
    </ClInclude>
    <ClInclude Include="package_lbp\cssiltp\CSSILTP.h">
      <Filter>Fichiers d%27en-tête</Filter>
    </ClInclude>
    <ClInclude Include="package_lbp\elbp\ELBP.h">
      <Filter>Fichiers d%27en-tête</Filter>
    </ClInclude>
    <ClInclude Include="package_lbp\oclbp\OCLBP.h">
      <Filter>Fichiers d%27en-tête</Filter>
    </ClInclude>
    <ClInclude Include="package_lbp\scslbp\SCSLBP.h">
      <Filter>Fichiers d%27en-tête</Filter>
    </ClInclude>
    <ClInclude Include="package_lbp\siltp\SILTP.h">
      <Filter>Fichiers d%27en-tête</Filter>
    </ClInclude>
    <ClInclude Include="package_lbp\varlbp\VARLBP.h">
      <Filter>Fichiers d%27en-tête</Filter>
    </ClInclude>
    <ClInclude Include="package_lbp\xcslbp\XCSLBP.h">
      <Filter>Fichiers d%27en-tête</Filter>
    </ClInclude>
  </ItemGroup>
</Project>